// !$*UTF8*$!
{
	archiveVersion = 1;
	classes = {
	};
	objectVersion = 77;
	objects = {

/* Begin PBXBuildFile section */
		05AD65A812BB65E7BCE56DCC /* NaturalLanguage.framework in Frameworks */ = {isa = PBXBuildFile; fileRef = C602EE10B73A18CE7E0D0702 /* NaturalLanguage.framework */; };
		0B48C6939BA3343FD7131634 /* LICENSES in Resources */ = {isa = PBXBuildFile; fileRef = 3E2E9889CD990890C10C9E47 /* LICENSES */; };
		0D29C16E568DC3A9666735C4 /* UITestFixtures.swift in Sources */ = {isa = PBXBuildFile; fileRef = 552216054ADBBBE8DA3A3382 /* UITestFixtures.swift */; };
		168FF44A7F77408F51BED66F /* libc++.tbd in Frameworks */ = {isa = PBXBuildFile; fileRef = 0657FA61168CC1EAFD5BD320 /* libc++.tbd */; };
		27CF3604869994BE3BC6D95F /* AppPaths.swift in Sources */ = {isa = PBXBuildFile; fileRef = 737E223123867E341B30A0DB /* AppPaths.swift */; };
		2E29583DF5218E432CE2B03F /* KnowledgeView.swift in Sources */ = {isa = PBXBuildFile; fileRef = B92B663432342F3CEF3567D6 /* KnowledgeView.swift */; };
		349325CD0338B37DC704CA86 /* libz.tbd in Frameworks */ = {isa = PBXBuildFile; fileRef = F8C27A952ACE5A6C7A003A2A /* libz.tbd */; };
		39CF13F31540151330E46A99 /* Design.swift in Sources */ = {isa = PBXBuildFile; fileRef = 04C40B2BF0EB4B54D9EECFA0 /* Design.swift */; };
		3E5231B30CE95C03F700120C /* llama.xcframework in Embed Frameworks */ = {isa = PBXBuildFile; fileRef = E38FDBBA80C3BBB2A9A79073 /* llama.xcframework */; settings = {ATTRIBUTES = (CodeSignOnCopy, RemoveHeadersOnCopy, ); }; };
		4373DD94A2BF4F0605A8E05D /* Permissions.swift in Sources */ = {isa = PBXBuildFile; fileRef = 9146DC8668EA64D0305C8E93 /* Permissions.swift */; };
		492043682A7A82FDE0B3BFA7 /* ModelsView.swift in Sources */ = {isa = PBXBuildFile; fileRef = EA5D9CE1721331D907C9F74B /* ModelsView.swift */; };
		4A58AC0F867DF8A7A811A85D /* PocketMindApp.swift in Sources */ = {isa = PBXBuildFile; fileRef = 78BF7EEADC2A6E48DB74F5E9 /* PocketMindApp.swift */; };
		4FEA3D21B2F560B03CA7456E /* ModelHub.swift in Sources */ = {isa = PBXBuildFile; fileRef = C66D0F1744E0B2E78FDEDD24 /* ModelHub.swift */; };
		53A6F6F22D68EE0EA10D598E /* AppState.swift in Sources */ = {isa = PBXBuildFile; fileRef = DFC3066BAD501CCB5B5BCE9E /* AppState.swift */; };
		5A5D0C6C66E4406D51E8BF67 /* PocketNative.mm in Sources */ = {isa = PBXBuildFile; fileRef = 477CDDD38E96DA56B1024F4C /* PocketNative.mm */; };
		5D013A112B62D54D06699D09 /* llama.xcframework in Frameworks */ = {isa = PBXBuildFile; fileRef = E38FDBBA80C3BBB2A9A79073 /* llama.xcframework */; };
		6466BCEA687C15DE8794E388 /* Acknowledgments.txt in Resources */ = {isa = PBXBuildFile; fileRef = AEFFDF517446669B9C0893FE /* Acknowledgments.txt */; };
		72E56D1196DCE1E2E9A5E2BB /* PermissionsView.swift in Sources */ = {isa = PBXBuildFile; fileRef = 68D2751EFCAD9BEA94DADD40 /* PermissionsView.swift */; };
		7652CF11237841D84944A46B /* LICENSE in Resources */ = {isa = PBXBuildFile; fileRef = 2B3A1B1D4284BF1CD4BDF119 /* LICENSE */; };
		8CA067346FDCE58FC532D74E /* Metal.framework in Frameworks */ = {isa = PBXBuildFile; fileRef = 0AE1A97D360BBC56C2D08848 /* Metal.framework */; };
		8E2DD24089AFC5524EC443B9 /* Downloads.swift in Sources */ = {isa = PBXBuildFile; fileRef = 6A38C6BB46ED8664DC310A12 /* Downloads.swift */; };
		99E9024BF7CD9202D877FB2A /* ChatView.swift in Sources */ = {isa = PBXBuildFile; fileRef = 156EABF18CA68460AC7AD555 /* ChatView.swift */; };
		A1AA0FDDE97BCF0CB6F1AE80 /* SwiftSoup in Frameworks */ = {isa = PBXBuildFile; productRef = B8A490326C2CB185441448F6 /* SwiftSoup */; };
		A6091F759ED4CA19BFDC4146 /* RegressionTests.swift in Sources */ = {isa = PBXBuildFile; fileRef = 7271AD45E649A0AA2BC5A24C /* RegressionTests.swift */; };
		A6D665CE0C8A1C34302638D5 /* KnowledgeService.swift in Sources */ = {isa = PBXBuildFile; fileRef = EE0DE424259B43339CFE728D /* KnowledgeService.swift */; };
		ABE40B1A5133D83A8A014C0F /* NativeIntegrationTests.swift in Sources */ = {isa = PBXBuildFile; fileRef = DC409C7BC8A9CC2050EAFF46 /* NativeIntegrationTests.swift */; };
		AE5DFFF48E75A7B4BFB7BA64 /* CoreKiwix.xcframework in Frameworks */ = {isa = PBXBuildFile; fileRef = 227E8DCDA0254A523C56CE6C /* CoreKiwix.xcframework */; };
		B50CCCF5C5B7DFC91F583551 /* libsqlite3.tbd in Frameworks */ = {isa = PBXBuildFile; fileRef = C1FC694272614E3CE0C594E6 /* libsqlite3.tbd */; };
		BE6D2023D83E462D100FC2A4 /* Domain.swift in Sources */ = {isa = PBXBuildFile; fileRef = 262C6A067A4157FFCA103776 /* Domain.swift */; };
		C09651E838948B2955C526D3 /* Assets.xcassets in Resources */ = {isa = PBXBuildFile; fileRef = 5F3E59FE99CDC08CC9EDE65D /* Assets.xcassets */; };
		C32ACC5A001E535FE6939F53 /* KnowledgeStore.swift in Sources */ = {isa = PBXBuildFile; fileRef = E4801A0654B0F4BC8956FB8C /* KnowledgeStore.swift */; };
		D1140C801A5DC4AAB4D7A836 /* Accelerate.framework in Frameworks */ = {isa = PBXBuildFile; fileRef = 0E0CEAF9471271C3FB1BC32D /* Accelerate.framework */; };
		D3691D074954106C17C53F86 /* InferenceService.swift in Sources */ = {isa = PBXBuildFile; fileRef = E3A71A98AF42DE673E1C865A /* InferenceService.swift */; };
		E08E088E1D64225DFC95EFA9 /* SecureWorkspace.swift in Sources */ = {isa = PBXBuildFile; fileRef = 7B6B1657987809369EEEA54B /* SecureWorkspace.swift */; };
		FD1D2F8C498CD78C5D1878E7 /* NavigationTests.swift in Sources */ = {isa = PBXBuildFile; fileRef = 2FFE40C44096CD0A9B5BDF68 /* NavigationTests.swift */; };
		FE9F675DBC95FC70ADCE97D8 /* PrivacyInfo.xcprivacy in Resources */ = {isa = PBXBuildFile; fileRef = A89069B89A2E5567E18C7A56 /* PrivacyInfo.xcprivacy */; };
/* End PBXBuildFile section */

/* Begin PBXContainerItemProxy section */
		9C9FEFEB0118C38466AFB111 /* PBXContainerItemProxy */ = {
			isa = PBXContainerItemProxy;
			containerPortal = 6D1E71B52054D88B58BBE3A8 /* Project object */;
			proxyType = 1;
			remoteGlobalIDString = 1D0CA2ECB46D2B4FDA80A257;
			remoteInfo = PocketMind;
		};
		DFF0136B150193F0040657E8 /* PBXContainerItemProxy */ = {
			isa = PBXContainerItemProxy;
			containerPortal = 6D1E71B52054D88B58BBE3A8 /* Project object */;
			proxyType = 1;
			remoteGlobalIDString = 1D0CA2ECB46D2B4FDA80A257;
			remoteInfo = PocketMind;
		};
/* End PBXContainerItemProxy section */

/* Begin PBXCopyFilesBuildPhase section */
		2E6D0F73C178D9CF1FDAD5C0 /* Embed Frameworks */ = {
			isa = PBXCopyFilesBuildPhase;
			buildActionMask = 2147483647;
			dstPath = "";
			dstSubfolderSpec = 10;
			files = (
				3E5231B30CE95C03F700120C /* llama.xcframework in Embed Frameworks */,
			);
			name = "Embed Frameworks";
			runOnlyForDeploymentPostprocessing = 0;
		};
/* End PBXCopyFilesBuildPhase section */

/* Begin PBXFileReference section */
		04C40B2BF0EB4B54D9EECFA0 /* Design.swift */ = {isa = PBXFileReference; lastKnownFileType = sourcecode.swift; path = Design.swift; sourceTree = "<group>"; };
		0657FA61168CC1EAFD5BD320 /* libc++.tbd */ = {isa = PBXFileReference; lastKnownFileType = "sourcecode.text-based-dylib-definition"; name = "libc++.tbd"; path = "usr/lib/libc++.tbd"; sourceTree = SDKROOT; };
		0AE1A97D360BBC56C2D08848 /* Metal.framework */ = {isa = PBXFileReference; lastKnownFileType = wrapper.framework; name = Metal.framework; path = System/Library/Frameworks/Metal.framework; sourceTree = SDKROOT; };
		0E0CEAF9471271C3FB1BC32D /* Accelerate.framework */ = {isa = PBXFileReference; lastKnownFileType = wrapper.framework; name = Accelerate.framework; path = System/Library/Frameworks/Accelerate.framework; sourceTree = SDKROOT; };
		14E0A256360A58A751E678E2 /* PocketMindIntegrationTests.xctest */ = {isa = PBXFileReference; includeInIndex = 0; lastKnownFileType = wrapper.cfbundle; path = PocketMindIntegrationTests.xctest; sourceTree = BUILT_PRODUCTS_DIR; };
		156EABF18CA68460AC7AD555 /* ChatView.swift */ = {isa = PBXFileReference; lastKnownFileType = sourcecode.swift; path = ChatView.swift; sourceTree = "<group>"; };
		227E8DCDA0254A523C56CE6C /* CoreKiwix.xcframework */ = {isa = PBXFileReference; lastKnownFileType = wrapper.xcframework; name = CoreKiwix.xcframework; path = "Vendor/libkiwix_xcframework-14.2.1-2/lib/CoreKiwix.xcframework"; sourceTree = "<group>"; };
		262C6A067A4157FFCA103776 /* Domain.swift */ = {isa = PBXFileReference; lastKnownFileType = sourcecode.swift; path = Domain.swift; sourceTree = "<group>"; };
		2B3A1B1D4284BF1CD4BDF119 /* LICENSE */ = {isa = PBXFileReference; path = LICENSE; sourceTree = "<group>"; };
		2FFE40C44096CD0A9B5BDF68 /* NavigationTests.swift */ = {isa = PBXFileReference; lastKnownFileType = sourcecode.swift; path = NavigationTests.swift; sourceTree = "<group>"; };
		3E2E9889CD990890C10C9E47 /* LICENSES */ = {isa = PBXFileReference; lastKnownFileType = folder; path = LICENSES; sourceTree = SOURCE_ROOT; };
		477CDDD38E96DA56B1024F4C /* PocketNative.mm */ = {isa = PBXFileReference; lastKnownFileType = sourcecode.cpp.objcpp; path = PocketNative.mm; sourceTree = "<group>"; };
		552216054ADBBBE8DA3A3382 /* UITestFixtures.swift */ = {isa = PBXFileReference; lastKnownFileType = sourcecode.swift; path = UITestFixtures.swift; sourceTree = "<group>"; };
		574147C5CD4FB325A4A68054 /* PocketMindUITests.xctest */ = {isa = PBXFileReference; includeInIndex = 0; lastKnownFileType = wrapper.cfbundle; path = PocketMindUITests.xctest; sourceTree = BUILT_PRODUCTS_DIR; };
		5C0935FB1B7BA8C8AF7D3C9C /* PocketNative.h */ = {isa = PBXFileReference; lastKnownFileType = sourcecode.c.h; path = PocketNative.h; sourceTree = "<group>"; };
		5F3E59FE99CDC08CC9EDE65D /* Assets.xcassets */ = {isa = PBXFileReference; lastKnownFileType = folder.assetcatalog; path = Assets.xcassets; sourceTree = "<group>"; };
		68D2751EFCAD9BEA94DADD40 /* PermissionsView.swift */ = {isa = PBXFileReference; lastKnownFileType = sourcecode.swift; path = PermissionsView.swift; sourceTree = "<group>"; };
		6A38C6BB46ED8664DC310A12 /* Downloads.swift */ = {isa = PBXFileReference; lastKnownFileType = sourcecode.swift; path = Downloads.swift; sourceTree = "<group>"; };
		7271AD45E649A0AA2BC5A24C /* RegressionTests.swift */ = {isa = PBXFileReference; lastKnownFileType = sourcecode.swift; path = RegressionTests.swift; sourceTree = "<group>"; };
		737E223123867E341B30A0DB /* AppPaths.swift */ = {isa = PBXFileReference; lastKnownFileType = sourcecode.swift; path = AppPaths.swift; sourceTree = "<group>"; };
		78BF7EEADC2A6E48DB74F5E9 /* PocketMindApp.swift */ = {isa = PBXFileReference; lastKnownFileType = sourcecode.swift; path = PocketMindApp.swift; sourceTree = "<group>"; };
		7B6B1657987809369EEEA54B /* SecureWorkspace.swift */ = {isa = PBXFileReference; lastKnownFileType = sourcecode.swift; path = SecureWorkspace.swift; sourceTree = "<group>"; };
		9146DC8668EA64D0305C8E93 /* Permissions.swift */ = {isa = PBXFileReference; lastKnownFileType = sourcecode.swift; path = Permissions.swift; sourceTree = "<group>"; };
		A89069B89A2E5567E18C7A56 /* PrivacyInfo.xcprivacy */ = {isa = PBXFileReference; path = PrivacyInfo.xcprivacy; sourceTree = "<group>"; };
		AC62D105304C003E0302B09B /* PocketMind.app */ = {isa = PBXFileReference; includeInIndex = 0; lastKnownFileType = wrapper.application; path = PocketMind.app; sourceTree = BUILT_PRODUCTS_DIR; };
		AEFFDF517446669B9C0893FE /* Acknowledgments.txt */ = {isa = PBXFileReference; lastKnownFileType = text; path = Acknowledgments.txt; sourceTree = "<group>"; };
		B92B663432342F3CEF3567D6 /* KnowledgeView.swift */ = {isa = PBXFileReference; lastKnownFileType = sourcecode.swift; path = KnowledgeView.swift; sourceTree = "<group>"; };
		C1FC694272614E3CE0C594E6 /* libsqlite3.tbd */ = {isa = PBXFileReference; lastKnownFileType = "sourcecode.text-based-dylib-definition"; name = libsqlite3.tbd; path = usr/lib/libsqlite3.tbd; sourceTree = SDKROOT; };
		C602EE10B73A18CE7E0D0702 /* NaturalLanguage.framework */ = {isa = PBXFileReference; lastKnownFileType = wrapper.framework; name = NaturalLanguage.framework; path = System/Library/Frameworks/NaturalLanguage.framework; sourceTree = SDKROOT; };
		C66D0F1744E0B2E78FDEDD24 /* ModelHub.swift */ = {isa = PBXFileReference; lastKnownFileType = sourcecode.swift; path = ModelHub.swift; sourceTree = "<group>"; };
		DC409C7BC8A9CC2050EAFF46 /* NativeIntegrationTests.swift */ = {isa = PBXFileReference; lastKnownFileType = sourcecode.swift; path = NativeIntegrationTests.swift; sourceTree = "<group>"; };
		DFC3066BAD501CCB5B5BCE9E /* AppState.swift */ = {isa = PBXFileReference; lastKnownFileType = sourcecode.swift; path = AppState.swift; sourceTree = "<group>"; };
		E38FDBBA80C3BBB2A9A79073 /* llama.xcframework */ = {isa = PBXFileReference; lastKnownFileType = wrapper.xcframework; name = llama.xcframework; path = Vendor/llama.xcframework; sourceTree = "<group>"; };
		E3A71A98AF42DE673E1C865A /* InferenceService.swift */ = {isa = PBXFileReference; lastKnownFileType = sourcecode.swift; path = InferenceService.swift; sourceTree = "<group>"; };
		E4801A0654B0F4BC8956FB8C /* KnowledgeStore.swift */ = {isa = PBXFileReference; lastKnownFileType = sourcecode.swift; path = KnowledgeStore.swift; sourceTree = "<group>"; };
		EA5D9CE1721331D907C9F74B /* ModelsView.swift */ = {isa = PBXFileReference; lastKnownFileType = sourcecode.swift; path = ModelsView.swift; sourceTree = "<group>"; };
		EE0DE424259B43339CFE728D /* KnowledgeService.swift */ = {isa = PBXFileReference; lastKnownFileType = sourcecode.swift; path = KnowledgeService.swift; sourceTree = "<group>"; };
		F8C27A952ACE5A6C7A003A2A /* libz.tbd */ = {isa = PBXFileReference; lastKnownFileType = "sourcecode.text-based-dylib-definition"; name = libz.tbd; path = usr/lib/libz.tbd; sourceTree = SDKROOT; };
/* End PBXFileReference section */

/* Begin PBXFrameworksBuildPhase section */
		35179A794DF841764282CE7A /* Frameworks */ = {
			isa = PBXFrameworksBuildPhase;
			buildActionMask = 2147483647;
			files = (
				5D013A112B62D54D06699D09 /* llama.xcframework in Frameworks */,
				AE5DFFF48E75A7B4BFB7BA64 /* CoreKiwix.xcframework in Frameworks */,
				A1AA0FDDE97BCF0CB6F1AE80 /* SwiftSoup in Frameworks */,
				B50CCCF5C5B7DFC91F583551 /* libsqlite3.tbd in Frameworks */,
				349325CD0338B37DC704CA86 /* libz.tbd in Frameworks */,
				168FF44A7F77408F51BED66F /* libc++.tbd in Frameworks */,
				D1140C801A5DC4AAB4D7A836 /* Accelerate.framework in Frameworks */,
				8CA067346FDCE58FC532D74E /* Metal.framework in Frameworks */,
				05AD65A812BB65E7BCE56DCC /* NaturalLanguage.framework in Frameworks */,
			);
			runOnlyForDeploymentPostprocessing = 0;
		};
/* End PBXFrameworksBuildPhase section */

/* Begin PBXGroup section */
		005C519A5C20DDCFDF591FF9 /* Native */ = {
			isa = PBXGroup;
			children = (
				5C0935FB1B7BA8C8AF7D3C9C /* PocketNative.h */,
				477CDDD38E96DA56B1024F4C /* PocketNative.mm */,
			);
			path = Native;
			sourceTree = "<group>";
		};
		31D68AFC6B009E9F00E53401 /* Resources */ = {
			isa = PBXGroup;
			children = (
				AEFFDF517446669B9C0893FE /* Acknowledgments.txt */,
				5F3E59FE99CDC08CC9EDE65D /* Assets.xcassets */,
				A89069B89A2E5567E18C7A56 /* PrivacyInfo.xcprivacy */,
			);
			path = Resources;
			sourceTree = "<group>";
		};
		38B25B0EF8375FC325BBA43F /* Products */ = {
			isa = PBXGroup;
			children = (
				AC62D105304C003E0302B09B /* PocketMind.app */,
				14E0A256360A58A751E678E2 /* PocketMindIntegrationTests.xctest */,
				574147C5CD4FB325A4A68054 /* PocketMindUITests.xctest */,
			);
			name = Products;
			sourceTree = "<group>";
		};
		4E687100852FDCC576CBC320 /* Core */ = {
			isa = PBXGroup;
			children = (
				262C6A067A4157FFCA103776 /* Domain.swift */,
				E4801A0654B0F4BC8956FB8C /* KnowledgeStore.swift */,
				9146DC8668EA64D0305C8E93 /* Permissions.swift */,
				7B6B1657987809369EEEA54B /* SecureWorkspace.swift */,
			);
			path = Core;
			sourceTree = "<group>";
		};
		546DECE501C8E6EAFE45121D /* Sources */ = {
			isa = PBXGroup;
			children = (
				7CE9164A8F29CBDADB3424B1 /* App */,
				4E687100852FDCC576CBC320 /* Core */,
				005C519A5C20DDCFDF591FF9 /* Native */,
				69D8FC4E84C106F99609AEB7 /* Services */,
				7AB69C2ABBCE697351D3B7EE /* UI */,
			);
			path = Sources;
			sourceTree = "<group>";
		};
		69D8FC4E84C106F99609AEB7 /* Services */ = {
			isa = PBXGroup;
			children = (
				737E223123867E341B30A0DB /* AppPaths.swift */,
				6A38C6BB46ED8664DC310A12 /* Downloads.swift */,
				E3A71A98AF42DE673E1C865A /* InferenceService.swift */,
				EE0DE424259B43339CFE728D /* KnowledgeService.swift */,
				C66D0F1744E0B2E78FDEDD24 /* ModelHub.swift */,
			);
			path = Services;
			sourceTree = "<group>";
		};
		7AB69C2ABBCE697351D3B7EE /* UI */ = {
			isa = PBXGroup;
			children = (
				156EABF18CA68460AC7AD555 /* ChatView.swift */,
				04C40B2BF0EB4B54D9EECFA0 /* Design.swift */,
				B92B663432342F3CEF3567D6 /* KnowledgeView.swift */,
				EA5D9CE1721331D907C9F74B /* ModelsView.swift */,
				68D2751EFCAD9BEA94DADD40 /* PermissionsView.swift */,
			);
			path = UI;
			sourceTree = "<group>";
		};
		7CE9164A8F29CBDADB3424B1 /* App */ = {
			isa = PBXGroup;
			children = (
				DFC3066BAD501CCB5B5BCE9E /* AppState.swift */,
				78BF7EEADC2A6E48DB74F5E9 /* PocketMindApp.swift */,
				552216054ADBBBE8DA3A3382 /* UITestFixtures.swift */,
			);
			path = App;
			sourceTree = "<group>";
		};
		C2C500599597157A91AD7A83 /* Integration */ = {
			isa = PBXGroup;
			children = (
				DC409C7BC8A9CC2050EAFF46 /* NativeIntegrationTests.swift */,
			);
			name = Integration;
			path = Tests/Integration;
			sourceTree = "<group>";
		};
		CE547E0CBD81CF558A8F303B /* UI */ = {
			isa = PBXGroup;
			children = (
				2FFE40C44096CD0A9B5BDF68 /* NavigationTests.swift */,
				7271AD45E649A0AA2BC5A24C /* RegressionTests.swift */,
			);
			name = UI;
			path = Tests/UI;
			sourceTree = "<group>";
		};
		E1655B2260A05B42271CDFC3 = {
			isa = PBXGroup;
			children = (
				2B3A1B1D4284BF1CD4BDF119 /* LICENSE */,
				3E2E9889CD990890C10C9E47 /* LICENSES */,
				C2C500599597157A91AD7A83 /* Integration */,
				31D68AFC6B009E9F00E53401 /* Resources */,
				546DECE501C8E6EAFE45121D /* Sources */,
				CE547E0CBD81CF558A8F303B /* UI */,
				F657C5756E6048CE246C5F06 /* Frameworks */,
				38B25B0EF8375FC325BBA43F /* Products */,
			);
			sourceTree = "<group>";
		};
		F657C5756E6048CE246C5F06 /* Frameworks */ = {
			isa = PBXGroup;
			children = (
				0E0CEAF9471271C3FB1BC32D /* Accelerate.framework */,
				227E8DCDA0254A523C56CE6C /* CoreKiwix.xcframework */,
				0657FA61168CC1EAFD5BD320 /* libc++.tbd */,
				C1FC694272614E3CE0C594E6 /* libsqlite3.tbd */,
				F8C27A952ACE5A6C7A003A2A /* libz.tbd */,
				E38FDBBA80C3BBB2A9A79073 /* llama.xcframework */,
				0AE1A97D360BBC56C2D08848 /* Metal.framework */,
				C602EE10B73A18CE7E0D0702 /* NaturalLanguage.framework */,
			);
			name = Frameworks;
			sourceTree = "<group>";
		};
/* End PBXGroup section */

/* Begin PBXNativeTarget section */
		1D0CA2ECB46D2B4FDA80A257 /* PocketMind */ = {
			isa = PBXNativeTarget;
			buildConfigurationList = 0454AEED2E5303BEEF577B80 /* Build configuration list for PBXNativeTarget "PocketMind" */;
			buildPhases = (
				C1D58995A726578962E8A5E8 /* Sources */,
				29DEBFBE883BBD5B67306C0E /* Resources */,
				35179A794DF841764282CE7A /* Frameworks */,
				2E6D0F73C178D9CF1FDAD5C0 /* Embed Frameworks */,
			);
			buildRules = (
			);
			dependencies = (
			);
			name = PocketMind;
			packageProductDependencies = (
				B8A490326C2CB185441448F6 /* SwiftSoup */,
			);
			productName = PocketMind;
			productReference = AC62D105304C003E0302B09B /* PocketMind.app */;
			productType = "com.apple.product-type.application";
		};
		977783F5F80AEF5A0CA38C05 /* PocketMindUITests */ = {
			isa = PBXNativeTarget;
			buildConfigurationList = CC403CED6E08F9EC0C5D3953 /* Build configuration list for PBXNativeTarget "PocketMindUITests" */;
			buildPhases = (
				55E5926CC3F05E7A9CEA9368 /* Sources */,
			);
			buildRules = (
			);
			dependencies = (
				5CB2AC70D8BD655F9A9E54C2 /* PBXTargetDependency */,
			);
			name = PocketMindUITests;
			packageProductDependencies = (
			);
			productName = PocketMindUITests;
			productReference = 574147C5CD4FB325A4A68054 /* PocketMindUITests.xctest */;
			productType = "com.apple.product-type.bundle.ui-testing";
		};
		CE89CDE3E855F23AC6B62399 /* PocketMindIntegrationTests */ = {
			isa = PBXNativeTarget;
			buildConfigurationList = 6F983F5B890CB6867658FEC3 /* Build configuration list for PBXNativeTarget "PocketMindIntegrationTests" */;
			buildPhases = (
				A6D32A56A697D54DD86ED396 /* Sources */,
			);
			buildRules = (
			);
			dependencies = (
				8889B96B1D3CE07AC5456C1E /* PBXTargetDependency */,
			);
			name = PocketMindIntegrationTests;
			packageProductDependencies = (
			);
			productName = PocketMindIntegrationTests;
			productReference = 14E0A256360A58A751E678E2 /* PocketMindIntegrationTests.xctest */;
			productType = "com.apple.product-type.bundle.unit-test";
		};
/* End PBXNativeTarget section */

/* Begin PBXProject section */
		6D1E71B52054D88B58BBE3A8 /* Project object */ = {
			isa = PBXProject;
			attributes = {
				BuildIndependentTargetsInParallel = YES;
				LastUpgradeCheck = 2610;
				TargetAttributes = {
					977783F5F80AEF5A0CA38C05 = {
						TestTargetID = 1D0CA2ECB46D2B4FDA80A257;
					};
				};
			};
			buildConfigurationList = 03AF380065B3222D502B9B57 /* Build configuration list for PBXProject "PocketMind" */;
			developmentRegion = en;
			hasScannedForEncodings = 0;
			knownRegions = (
				Base,
				en,
			);
			mainGroup = E1655B2260A05B42271CDFC3;
			minimizedProjectReferenceProxies = 1;
			packageReferences = (
				67809CE6F6BA5FF7D7CBDBC5 /* XCRemoteSwiftPackageReference "SwiftSoup" */,
			);
			preferredProjectObjectVersion = 77;
			productRefGroup = 38B25B0EF8375FC325BBA43F /* Products */;
			projectDirPath = "";
			projectRoot = "";
			targets = (
				1D0CA2ECB46D2B4FDA80A257 /* PocketMind */,
				CE89CDE3E855F23AC6B62399 /* PocketMindIntegrationTests */,
				977783F5F80AEF5A0CA38C05 /* PocketMindUITests */,
			);
		};
/* End PBXProject section */

/* Begin PBXResourcesBuildPhase section */
		29DEBFBE883BBD5B67306C0E /* Resources */ = {
			isa = PBXResourcesBuildPhase;
			buildActionMask = 2147483647;
			files = (
				6466BCEA687C15DE8794E388 /* Acknowledgments.txt in Resources */,
				C09651E838948B2955C526D3 /* Assets.xcassets in Resources */,
				7652CF11237841D84944A46B /* LICENSE in Resources */,
				0B48C6939BA3343FD7131634 /* LICENSES in Resources */,
				FE9F675DBC95FC70ADCE97D8 /* PrivacyInfo.xcprivacy in Resources */,
			);
			runOnlyForDeploymentPostprocessing = 0;
		};
/* End PBXResourcesBuildPhase section */

/* Begin PBXSourcesBuildPhase section */
		55E5926CC3F05E7A9CEA9368 /* Sources */ = {
			isa = PBXSourcesBuildPhase;
			buildActionMask = 2147483647;
			files = (
				FD1D2F8C498CD78C5D1878E7 /* NavigationTests.swift in Sources */,
				A6091F759ED4CA19BFDC4146 /* RegressionTests.swift in Sources */,
			);
			runOnlyForDeploymentPostprocessing = 0;
		};
		A6D32A56A697D54DD86ED396 /* Sources */ = {
			isa = PBXSourcesBuildPhase;
			buildActionMask = 2147483647;
			files = (
				ABE40B1A5133D83A8A014C0F /* NativeIntegrationTests.swift in Sources */,
			);
			runOnlyForDeploymentPostprocessing = 0;
		};
		C1D58995A726578962E8A5E8 /* Sources */ = {
			isa = PBXSourcesBuildPhase;
			buildActionMask = 2147483647;
			files = (
				27CF3604869994BE3BC6D95F /* AppPaths.swift in Sources */,
				53A6F6F22D68EE0EA10D598E /* AppState.swift in Sources */,
				99E9024BF7CD9202D877FB2A /* ChatView.swift in Sources */,
				39CF13F31540151330E46A99 /* Design.swift in Sources */,
				BE6D2023D83E462D100FC2A4 /* Domain.swift in Sources */,
				8E2DD24089AFC5524EC443B9 /* Downloads.swift in Sources */,
				D3691D074954106C17C53F86 /* InferenceService.swift in Sources */,
				A6D665CE0C8A1C34302638D5 /* KnowledgeService.swift in Sources */,
				C32ACC5A001E535FE6939F53 /* KnowledgeStore.swift in Sources */,
				2E29583DF5218E432CE2B03F /* KnowledgeView.swift in Sources */,
				4FEA3D21B2F560B03CA7456E /* ModelHub.swift in Sources */,
				492043682A7A82FDE0B3BFA7 /* ModelsView.swift in Sources */,
				4373DD94A2BF4F0605A8E05D /* Permissions.swift in Sources */,
				72E56D1196DCE1E2E9A5E2BB /* PermissionsView.swift in Sources */,
				4A58AC0F867DF8A7A811A85D /* PocketMindApp.swift in Sources */,
				5A5D0C6C66E4406D51E8BF67 /* PocketNative.mm in Sources */,
				E08E088E1D64225DFC95EFA9 /* SecureWorkspace.swift in Sources */,
				0D29C16E568DC3A9666735C4 /* UITestFixtures.swift in Sources */,
			);
			runOnlyForDeploymentPostprocessing = 0;
		};
/* End PBXSourcesBuildPhase section */

/* Begin PBXTargetDependency section */
		5CB2AC70D8BD655F9A9E54C2 /* PBXTargetDependency */ = {
			isa = PBXTargetDependency;
			target = 1D0CA2ECB46D2B4FDA80A257 /* PocketMind */;
			targetProxy = 9C9FEFEB0118C38466AFB111 /* PBXContainerItemProxy */;
		};
		8889B96B1D3CE07AC5456C1E /* PBXTargetDependency */ = {
			isa = PBXTargetDependency;
			target = 1D0CA2ECB46D2B4FDA80A257 /* PocketMind */;
			targetProxy = DFF0136B150193F0040657E8 /* PBXContainerItemProxy */;
		};
/* End PBXTargetDependency section */

/* Begin XCBuildConfiguration section */
		2ED232D23CF7266BDE6B9B3C /* Debug */ = {
			isa = XCBuildConfiguration;
			buildSettings = {
				BUNDLE_LOADER = "$(TEST_HOST)";
				GENERATE_INFOPLIST_FILE = YES;
				LD_RUNPATH_SEARCH_PATHS = (
					"$(inherited)",
					"@executable_path/Frameworks",
					"@loader_path/Frameworks",
				);
				PRODUCT_BUNDLE_IDENTIFIER = com.ethanrimes.pocketmind.integrationtests;
				SDKROOT = iphoneos;
				TARGETED_DEVICE_FAMILY = "1,2";
				TEST_HOST = "$(BUILT_PRODUCTS_DIR)/PocketMind.app/PocketMind";
			};
			name = Debug;
		};
		3C0B0B1AFDFE411FF771668B /* Release */ = {
			isa = XCBuildConfiguration;
			buildSettings = {
				ASSETCATALOG_COMPILER_APPICON_NAME = AppIcon;
				CODE_SIGN_IDENTITY = "iPhone Developer";
				FRAMEWORK_SEARCH_PATHS = (
					"$(inherited)",
					"\"Vendor\"",
					"\"Vendor/libkiwix_xcframework-14.2.1-2/lib\"",
				);
				GENERATE_INFOPLIST_FILE = YES;
				HEADER_SEARCH_PATHS = "$(inherited) $(PROJECT_DIR)/Vendor";
				INFOPLIST_KEY_CFBundleDisplayName = PocketMind;
				INFOPLIST_KEY_LSSupportsOpeningDocumentsInPlace = YES;
				INFOPLIST_KEY_UIApplicationSceneManifest_Generation = YES;
				INFOPLIST_KEY_UIFileSharingEnabled = YES;
				INFOPLIST_KEY_UILaunchScreen_Generation = YES;
				INFOPLIST_KEY_UISupportedInterfaceOrientations_iPad = "UIInterfaceOrientationPortrait UIInterfaceOrientationLandscapeLeft UIInterfaceOrientationLandscapeRight";
				INFOPLIST_KEY_UISupportedInterfaceOrientations_iPhone = UIInterfaceOrientationPortrait;
				LD_RUNPATH_SEARCH_PATHS = (
					"$(inherited)",
					"@executable_path/Frameworks",
				);
				PRODUCT_BUNDLE_IDENTIFIER = com.ethanrimes.pocketmind;
				SDKROOT = iphoneos;
				SWIFT_OBJC_BRIDGING_HEADER = Sources/Native/PocketNative.h;
				TARGETED_DEVICE_FAMILY = "1,2";
			};
			name = Release;
		};
		7B967BBF63A0F44EFF66036B /* Debug */ = {
			isa = XCBuildConfiguration;
			buildSettings = {
				BUNDLE_LOADER = "$(TEST_HOST)";
				GENERATE_INFOPLIST_FILE = YES;
				LD_RUNPATH_SEARCH_PATHS = (
					"$(inherited)",
					"@executable_path/Frameworks",
					"@loader_path/Frameworks",
				);
				PRODUCT_BUNDLE_IDENTIFIER = com.ethanrimes.pocketmind.uitests;
				SDKROOT = iphoneos;
				TARGETED_DEVICE_FAMILY = "1,2";
				TEST_TARGET_NAME = PocketMind;
			};
			name = Debug;
		};
		84E2E91739CB6558AAA2420B /* Release */ = {
			isa = XCBuildConfiguration;
			buildSettings = {
				BUNDLE_LOADER = "$(TEST_HOST)";
				GENERATE_INFOPLIST_FILE = YES;
				LD_RUNPATH_SEARCH_PATHS = (
					"$(inherited)",
					"@executable_path/Frameworks",
					"@loader_path/Frameworks",
				);
				PRODUCT_BUNDLE_IDENTIFIER = com.ethanrimes.pocketmind.integrationtests;
				SDKROOT = iphoneos;
				TARGETED_DEVICE_FAMILY = "1,2";
				TEST_HOST = "$(BUILT_PRODUCTS_DIR)/PocketMind.app/PocketMind";
			};
			name = Release;
		};
		8B214DF00E0750B6F2FEEEE2 /* Release */ = {
			isa = XCBuildConfiguration;
			buildSettings = {
				ALWAYS_SEARCH_USER_PATHS = NO;
				CLANG_ANALYZER_NONNULL = YES;
				CLANG_ANALYZER_NUMBER_OBJECT_CONVERSION = YES_AGGRESSIVE;
				CLANG_CXX_LANGUAGE_STANDARD = "c++17";
				CLANG_CXX_LIBRARY = "libc++";
				CLANG_ENABLE_MODULES = YES;
				CLANG_ENABLE_OBJC_ARC = YES;
				CLANG_ENABLE_OBJC_WEAK = YES;
				CLANG_WARN_BLOCK_CAPTURE_AUTORELEASING = YES;
				CLANG_WARN_BOOL_CONVERSION = YES;
				CLANG_WARN_COMMA = YES;
				CLANG_WARN_CONSTANT_CONVERSION = YES;
				CLANG_WARN_DEPRECATED_OBJC_IMPLEMENTATIONS = YES;
				CLANG_WARN_DIRECT_OBJC_ISA_USAGE = YES_ERROR;
				CLANG_WARN_DOCUMENTATION_COMMENTS = YES;
				CLANG_WARN_EMPTY_BODY = YES;
				CLANG_WARN_ENUM_CONVERSION = YES;
				CLANG_WARN_INFINITE_RECURSION = YES;
				CLANG_WARN_INT_CONVERSION = YES;
				CLANG_WARN_NON_LITERAL_NULL_CONVERSION = YES;
				CLANG_WARN_OBJC_IMPLICIT_RETAIN_SELF = YES;
				CLANG_WARN_OBJC_LITERAL_CONVERSION = YES;
				CLANG_WARN_OBJC_ROOT_CLASS = YES_ERROR;
				CLANG_WARN_QUOTED_INCLUDE_IN_FRAMEWORK_HEADER = YES;
				CLANG_WARN_RANGE_LOOP_ANALYSIS = YES;
				CLANG_WARN_STRICT_PROTOTYPES = YES;
				CLANG_WARN_SUSPICIOUS_MOVE = YES;
				CLANG_WARN_UNGUARDED_AVAILABILITY = YES_AGGRESSIVE;
				CLANG_WARN_UNREACHABLE_CODE = YES;
				CLANG_WARN__DUPLICATE_METHOD_MATCH = YES;
				COPY_PHASE_STRIP = NO;
				CURRENT_PROJECT_VERSION = 1;
				DEBUG_INFORMATION_FORMAT = "dwarf-with-dsym";
				ENABLE_NS_ASSERTIONS = NO;
				ENABLE_STRICT_OBJC_MSGSEND = YES;
				ENABLE_USER_SCRIPT_SANDBOXING = YES;
				GCC_C_LANGUAGE_STANDARD = gnu11;
				GCC_NO_COMMON_BLOCKS = YES;
				GCC_WARN_64_TO_32_BIT_CONVERSION = YES;
				GCC_WARN_ABOUT_RETURN_TYPE = YES_ERROR;
				GCC_WARN_UNDECLARED_SELECTOR = YES;
				GCC_WARN_UNINITIALIZED_AUTOS = YES_AGGRESSIVE;
				GCC_WARN_UNUSED_FUNCTION = YES;
				GCC_WARN_UNUSED_VARIABLE = YES;
				IPHONEOS_DEPLOYMENT_TARGET = 18.0;
				MARKETING_VERSION = 0.1.0;
				MTL_ENABLE_DEBUG_INFO = NO;
				MTL_FAST_MATH = YES;
				PRODUCT_NAME = "$(TARGET_NAME)";
				SDKROOT = iphoneos;
				SWIFT_COMPILATION_MODE = wholemodule;
				SWIFT_OPTIMIZATION_LEVEL = "-O";
				SWIFT_VERSION = 5.0;
			};
			name = Release;
		};
		ADD0A54FFC4065638F3D408E /* Debug */ = {
			isa = XCBuildConfiguration;
			buildSettings = {
				ALWAYS_SEARCH_USER_PATHS = NO;
				CLANG_ANALYZER_NONNULL = YES;
				CLANG_ANALYZER_NUMBER_OBJECT_CONVERSION = YES_AGGRESSIVE;
				CLANG_CXX_LANGUAGE_STANDARD = "c++17";
				CLANG_CXX_LIBRARY = "libc++";
				CLANG_ENABLE_MODULES = YES;
				CLANG_ENABLE_OBJC_ARC = YES;
				CLANG_ENABLE_OBJC_WEAK = YES;
				CLANG_WARN_BLOCK_CAPTURE_AUTORELEASING = YES;
				CLANG_WARN_BOOL_CONVERSION = YES;
				CLANG_WARN_COMMA = YES;
				CLANG_WARN_CONSTANT_CONVERSION = YES;
				CLANG_WARN_DEPRECATED_OBJC_IMPLEMENTATIONS = YES;
				CLANG_WARN_DIRECT_OBJC_ISA_USAGE = YES_ERROR;
				CLANG_WARN_DOCUMENTATION_COMMENTS = YES;
				CLANG_WARN_EMPTY_BODY = YES;
				CLANG_WARN_ENUM_CONVERSION = YES;
				CLANG_WARN_INFINITE_RECURSION = YES;
				CLANG_WARN_INT_CONVERSION = YES;
				CLANG_WARN_NON_LITERAL_NULL_CONVERSION = YES;
				CLANG_WARN_OBJC_IMPLICIT_RETAIN_SELF = YES;
				CLANG_WARN_OBJC_LITERAL_CONVERSION = YES;
				CLANG_WARN_OBJC_ROOT_CLASS = YES_ERROR;
				CLANG_WARN_QUOTED_INCLUDE_IN_FRAMEWORK_HEADER = YES;
				CLANG_WARN_RANGE_LOOP_ANALYSIS = YES;
				CLANG_WARN_STRICT_PROTOTYPES = YES;
				CLANG_WARN_SUSPICIOUS_MOVE = YES;
				CLANG_WARN_UNGUARDED_AVAILABILITY = YES_AGGRESSIVE;
				CLANG_WARN_UNREACHABLE_CODE = YES;
				CLANG_WARN__DUPLICATE_METHOD_MATCH = YES;
				COPY_PHASE_STRIP = NO;
				CURRENT_PROJECT_VERSION = 1;
				DEBUG_INFORMATION_FORMAT = dwarf;
				ENABLE_STRICT_OBJC_MSGSEND = YES;
				ENABLE_TESTABILITY = YES;
				ENABLE_USER_SCRIPT_SANDBOXING = YES;
				GCC_C_LANGUAGE_STANDARD = gnu11;
				GCC_DYNAMIC_NO_PIC = NO;
				GCC_NO_COMMON_BLOCKS = YES;
				GCC_OPTIMIZATION_LEVEL = 0;
				GCC_PREPROCESSOR_DEFINITIONS = (
					"$(inherited)",
					"DEBUG=1",
				);
				GCC_WARN_64_TO_32_BIT_CONVERSION = YES;
				GCC_WARN_ABOUT_RETURN_TYPE = YES_ERROR;
				GCC_WARN_UNDECLARED_SELECTOR = YES;
				GCC_WARN_UNINITIALIZED_AUTOS = YES_AGGRESSIVE;
				GCC_WARN_UNUSED_FUNCTION = YES;
				GCC_WARN_UNUSED_VARIABLE = YES;
				IPHONEOS_DEPLOYMENT_TARGET = 18.0;
				MARKETING_VERSION = 0.1.0;
				MTL_ENABLE_DEBUG_INFO = INCLUDE_SOURCE;
				MTL_FAST_MATH = YES;
				ONLY_ACTIVE_ARCH = YES;
				PRODUCT_NAME = "$(TARGET_NAME)";
				SDKROOT = iphoneos;
				SWIFT_ACTIVE_COMPILATION_CONDITIONS = DEBUG;
				SWIFT_OPTIMIZATION_LEVEL = "-Onone";
				SWIFT_VERSION = 5.0;
			};
			name = Debug;
		};
		BC21EE0DBE224777F0D4BD93 /* Debug */ = {
			isa = XCBuildConfiguration;
			buildSettings = {
				ASSETCATALOG_COMPILER_APPICON_NAME = AppIcon;
				CODE_SIGN_IDENTITY = "iPhone Developer";
				FRAMEWORK_SEARCH_PATHS = (
					"$(inherited)",
					"\"Vendor\"",
					"\"Vendor/libkiwix_xcframework-14.2.1-2/lib\"",
				);
				GENERATE_INFOPLIST_FILE = YES;
				HEADER_SEARCH_PATHS = "$(inherited) $(PROJECT_DIR)/Vendor";
				INFOPLIST_KEY_CFBundleDisplayName = PocketMind;
				INFOPLIST_KEY_LSSupportsOpeningDocumentsInPlace = YES;
				INFOPLIST_KEY_UIApplicationSceneManifest_Generation = YES;
				INFOPLIST_KEY_UIFileSharingEnabled = YES;
				INFOPLIST_KEY_UILaunchScreen_Generation = YES;
				INFOPLIST_KEY_UISupportedInterfaceOrientations_iPad = "UIInterfaceOrientationPortrait UIInterfaceOrientationLandscapeLeft UIInterfaceOrientationLandscapeRight";
				INFOPLIST_KEY_UISupportedInterfaceOrientations_iPhone = UIInterfaceOrientationPortrait;
				LD_RUNPATH_SEARCH_PATHS = (
					"$(inherited)",
					"@executable_path/Frameworks",
				);
				PRODUCT_BUNDLE_IDENTIFIER = com.ethanrimes.pocketmind;
				SDKROOT = iphoneos;
				SWIFT_OBJC_BRIDGING_HEADER = Sources/Native/PocketNative.h;
				TARGETED_DEVICE_FAMILY = "1,2";
			};
			name = Debug;
		};
		EB0D0DAB5CBB2F8AD1E29DE1 /* Release */ = {
			isa = XCBuildConfiguration;
			buildSettings = {
				BUNDLE_LOADER = "$(TEST_HOST)";
				GENERATE_INFOPLIST_FILE = YES;
				LD_RUNPATH_SEARCH_PATHS = (
					"$(inherited)",
					"@executable_path/Frameworks",
					"@loader_path/Frameworks",
				);
				PRODUCT_BUNDLE_IDENTIFIER = com.ethanrimes.pocketmind.uitests;
				SDKROOT = iphoneos;
				TARGETED_DEVICE_FAMILY = "1,2";
				TEST_TARGET_NAME = PocketMind;
			};
			name = Release;
		};
/* End XCBuildConfiguration section */

/* Begin XCConfigurationList section */
		03AF380065B3222D502B9B57 /* Build configuration list for PBXProject "PocketMind" */ = {
			isa = XCConfigurationList;
			buildConfigurations = (
				ADD0A54FFC4065638F3D408E /* Debug */,
				8B214DF00E0750B6F2FEEEE2 /* Release */,
			);
			defaultConfigurationIsVisible = 0;
			defaultConfigurationName = Debug;
		};
		0454AEED2E5303BEEF577B80 /* Build configuration list for PBXNativeTarget "PocketMind" */ = {
			isa = XCConfigurationList;
			buildConfigurations = (
				BC21EE0DBE224777F0D4BD93 /* Debug */,
				3C0B0B1AFDFE411FF771668B /* Release */,
			);
			defaultConfigurationIsVisible = 0;
			defaultConfigurationName = Debug;
		};
		6F983F5B890CB6867658FEC3 /* Build configuration list for PBXNativeTarget "PocketMindIntegrationTests" */ = {
			isa = XCConfigurationList;
			buildConfigurations = (
				2ED232D23CF7266BDE6B9B3C /* Debug */,
				84E2E91739CB6558AAA2420B /* Release */,
			);
			defaultConfigurationIsVisible = 0;
			defaultConfigurationName = Debug;
		};
		CC403CED6E08F9EC0C5D3953 /* Build configuration list for PBXNativeTarget "PocketMindUITests" */ = {
			isa = XCConfigurationList;
			buildConfigurations = (
				7B967BBF63A0F44EFF66036B /* Debug */,
				EB0D0DAB5CBB2F8AD1E29DE1 /* Release */,
			);
			defaultConfigurationIsVisible = 0;
			defaultConfigurationName = Debug;
		};
/* End XCConfigurationList section */

/* Begin XCRemoteSwiftPackageReference section */
		67809CE6F6BA5FF7D7CBDBC5 /* XCRemoteSwiftPackageReference "SwiftSoup" */ = {
			isa = XCRemoteSwiftPackageReference;
			repositoryURL = "https://github.com/scinfu/SwiftSoup";
			requirement = {
				kind = exactVersion;
				version = 2.8.8;
			};
		};
/* End XCRemoteSwiftPackageReference section */

/* Begin XCSwiftPackageProductDependency section */
		B8A490326C2CB185441448F6 /* SwiftSoup */ = {
			isa = XCSwiftPackageProductDependency;
			package = 67809CE6F6BA5FF7D7CBDBC5 /* XCRemoteSwiftPackageReference "SwiftSoup" */;
			productName = SwiftSoup;
		};
/* End XCSwiftPackageProductDependency section */
	};
	rootObject = 6D1E71B52054D88B58BBE3A8 /* Project object */;
}
